
Microsoft Visual Studio Solution File, Format Version 12.00
# Visual Studio 2012
Project("{8BC9CEB8-8B4A-11D0-8D11-00A0C91BC942}") = "BerconMaps", "BerconNoise.vcxproj", "{E7CB76AA-6113-46BA-8EBC-8AE1D2B81210}"
EndProject
Global
	GlobalSection(SolutionConfigurationPlatforms) = preSolution
		Max2009|Win32 = Max2009|Win32
		Max2009|x64 = Max2009|x64
		Max2010|Win32 = Max2010|Win32
		Max2010|x64 = Max2010|x64
		Max2012|Win32 = Max2012|Win32
		Max2012|x64 = Max2012|x64
		Max2013|Win32 = Max2013|Win32
		Max2013|x64 = Max2013|x64
		max2015|Win32 = max2015|Win32
		max2015|x64 = max2015|x64
		Max9_2|Win32 = Max9_2|Win32
		Max9_2|x64 = Max9_2|x64
	EndGlobalSection
	GlobalSection(ProjectConfigurationPlatforms) = postSolution
		{E7CB76AA-6113-46BA-8EBC-8AE1D2B81210}.Max2009|Win32.ActiveCfg = Max2009|Win32
		{E7CB76AA-6113-46BA-8EBC-8AE1D2B81210}.Max2009|Win32.Build.0 = Max2009|Win32
		{E7CB76AA-6113-46BA-8EBC-8AE1D2B81210}.Max2009|x64.ActiveCfg = Max2009|x64
		{E7CB76AA-6113-46BA-8EBC-8AE1D2B81210}.Max2009|x64.Build.0 = Max2009|x64
		{E7CB76AA-6113-46BA-8EBC-8AE1D2B81210}.Max2010|Win32.ActiveCfg = Max2010|Win32
		{E7CB76AA-6113-46BA-8EBC-8AE1D2B81210}.Max2010|Win32.Build.0 = Max2010|Win32
		{E7CB76AA-6113-46BA-8EBC-8AE1D2B81210}.Max2010|x64.ActiveCfg = Max2010|x64
		{E7CB76AA-6113-46BA-8EBC-8AE1D2B81210}.Max2010|x64.Build.0 = Max2010|x64
		{E7CB76AA-6113-46BA-8EBC-8AE1D2B81210}.Max2012|Win32.ActiveCfg = Max2012|Win32
		{E7CB76AA-6113-46BA-8EBC-8AE1D2B81210}.Max2012|Win32.Build.0 = Max2012|Win32
		{E7CB76AA-6113-46BA-8EBC-8AE1D2B81210}.Max2012|x64.ActiveCfg = Max2012|x64
		{E7CB76AA-6113-46BA-8EBC-8AE1D2B81210}.Max2012|x64.Build.0 = Max2012|x64
		{E7CB76AA-6113-46BA-8EBC-8AE1D2B81210}.Max2013|Win32.ActiveCfg = max2015|x64
		{E7CB76AA-6113-46BA-8EBC-8AE1D2B81210}.Max2013|Win32.Build.0 = max2015|x64
		{E7CB76AA-6113-46BA-8EBC-8AE1D2B81210}.Max2013|x64.ActiveCfg = Max2013|x64
		{E7CB76AA-6113-46BA-8EBC-8AE1D2B81210}.Max2013|x64.Build.0 = Max2013|x64
		{E7CB76AA-6113-46BA-8EBC-8AE1D2B81210}.max2015|Win32.ActiveCfg = max2015|Win32
		{E7CB76AA-6113-46BA-8EBC-8AE1D2B81210}.max2015|Win32.Build.0 = max2015|Win32
		{E7CB76AA-6113-46BA-8EBC-8AE1D2B81210}.max2015|x64.ActiveCfg = max2015|x64
		{E7CB76AA-6113-46BA-8EBC-8AE1D2B81210}.max2015|x64.Build.0 = max2015|x64
		{E7CB76AA-6113-46BA-8EBC-8AE1D2B81210}.Max9_2|Win32.ActiveCfg = Max9_2|Win32
		{E7CB76AA-6113-46BA-8EBC-8AE1D2B81210}.Max9_2|Win32.Build.0 = Max9_2|Win32
		{E7CB76AA-6113-46BA-8EBC-8AE1D2B81210}.Max9_2|x64.ActiveCfg = Max9_2|x64
		{E7CB76AA-6113-46BA-8EBC-8AE1D2B81210}.Max9_2|x64.Build.0 = Max9_2|x64
	EndGlobalSection
	GlobalSection(SolutionProperties) = preSolution
		HideSolutionNode = FALSE
	EndGlobalSection
EndGlobal
